// !$*UTF8*$!
{
	archiveVersion = 1;
	classes = {
	};
	objectVersion = 56;
	objects = {

/* Begin PBXBuildFile section */
		430C51DE2C832E1000A48626 /* AgentAction+CoreDataClass.swift in Sources */ = {isa = PBXBuildFile; fileRef = 430C51DD2C832E1000A48626 /* AgentAction+CoreDataClass.swift */; };
		4391121D2C83250600892E89 /* CoreDataMigrationsMREApp.swift in Sources */ = {isa = PBXBuildFile; fileRef = 4391121C2C83250600892E89 /* CoreDataMigrationsMREApp.swift */; };
		439112262C83250600892E89 /* Assets.xcassets in Resources */ = {isa = PBXBuildFile; fileRef = 439112252C83250600892E89 /* Assets.xcassets */; };
		4391128F2C83256500892E89 /* Agent+CoreDataClass.swift in Sources */ = {isa = PBXBuildFile; fileRef = 439112302C83256500892E89 /* Agent+CoreDataClass.swift */; };
		439112952C83256500892E89 /* AgentTask+CoreDataClass.swift in Sources */ = {isa = PBXBuildFile; fileRef = 439112382C83256500892E89 /* AgentTask+CoreDataClass.swift */; };
		439112972C83256500892E89 /* ClassLabel+CoreDataClass.swift in Sources */ = {isa = PBXBuildFile; fileRef = 4391123B2C83256500892E89 /* ClassLabel+CoreDataClass.swift */; };
		439112992C83256500892E89 /* Clinic+CoreDataClass.swift in Sources */ = {isa = PBXBuildFile; fileRef = 4391123E2C83256500892E89 /* Clinic+CoreDataClass.swift */; };
		4391129B2C83256500892E89 /* ClinicDoctor+CoreDataClass.swift in Sources */ = {isa = PBXBuildFile; fileRef = 439112412C83256500892E89 /* ClinicDoctor+CoreDataClass.swift */; };
		4391129D2C83256500892E89 /* Contract+CoreDataClass.swift in Sources */ = {isa = PBXBuildFile; fileRef = 439112442C83256500892E89 /* Contract+CoreDataClass.swift */; };
		439112A32C83256500892E89 /* ContractAgentParam+CoreDataClass.swift in Sources */ = {isa = PBXBuildFile; fileRef = 4391124B2C83256500892E89 /* ContractAgentParam+CoreDataClass.swift */; };
		439112A52C83256500892E89 /* AssistantModels.swift in Sources */ = {isa = PBXBuildFile; fileRef = 4391124E2C83256500892E89 /* AssistantModels.swift */; };
		439112A62C83256500892E89 /* ContractAttachment+CoreDataClass.swift in Sources */ = {isa = PBXBuildFile; fileRef = 439112502C83256500892E89 /* ContractAttachment+CoreDataClass.swift */; };
		439112A82C83256500892E89 /* ContractParam+CoreDataClass.swift in Sources */ = {isa = PBXBuildFile; fileRef = 439112532C83256500892E89 /* ContractParam+CoreDataClass.swift */; };
		439112AA2C83256500892E89 /* ContractSearchSuggestion+CoreDataClass.swift in Sources */ = {isa = PBXBuildFile; fileRef = 439112562C83256500892E89 /* ContractSearchSuggestion+CoreDataClass.swift */; };
		439112AB2C83256500892E89 /* FileAttachment+CoreDataClass.swift in Sources */ = {isa = PBXBuildFile; fileRef = 439112582C83256500892E89 /* FileAttachment+CoreDataClass.swift */; };
		439112AE2C83256500892E89 /* ImageAttachment+CoreDataClass.swift in Sources */ = {isa = PBXBuildFile; fileRef = 4391125C2C83256500892E89 /* ImageAttachment+CoreDataClass.swift */; };
		439112B02C83256500892E89 /* InfoAttachment+CoreDataClass.swift in Sources */ = {isa = PBXBuildFile; fileRef = 4391125F2C83256500892E89 /* InfoAttachment+CoreDataClass.swift */; };
		439112B62C83256500892E89 /* RelatedContract+CoreDataClass.swift in Sources */ = {isa = PBXBuildFile; fileRef = 439112672C83256500892E89 /* RelatedContract+CoreDataClass.swift */; };
		439112B82C83256500892E89 /* Scenario+CoreDataClass.swift in Sources */ = {isa = PBXBuildFile; fileRef = 4391126A2C83256500892E89 /* Scenario+CoreDataClass.swift */; };
		439112BB2C83256500892E89 /* ScenarioParam+CoreDataClass.swift in Sources */ = {isa = PBXBuildFile; fileRef = 4391126E2C83256500892E89 /* ScenarioParam+CoreDataClass.swift */; };
		439112BD2C83256500892E89 /* ScenarioParamOption+CoreDataClass.swift in Sources */ = {isa = PBXBuildFile; fileRef = 439112712C83256500892E89 /* ScenarioParamOption+CoreDataClass.swift */; };
		439112BE2C83256500892E89 /* TimeLimit+CoreDataClass.swift in Sources */ = {isa = PBXBuildFile; fileRef = 439112742C83256500892E89 /* TimeLimit+CoreDataClass.swift */; };
		439112C12C83256500892E89 /* User+CoreDataClass.swift in Sources */ = {isa = PBXBuildFile; fileRef = 439112782C83256500892E89 /* User+CoreDataClass.swift */; };
		439112CC2C83256500892E89 /* PersistenceService.swift in Sources */ = {isa = PBXBuildFile; fileRef = 439112842C83256500892E89 /* PersistenceService.swift */; };
		439112CE2C83256500892E89 /* URL+storeURL.swift in Sources */ = {isa = PBXBuildFile; fileRef = 439112862C83256500892E89 /* URL+storeURL.swift */; };
		439112D02C8326C300892E89 /* Message+CoreDataClass.swift in Sources */ = {isa = PBXBuildFile; fileRef = 439112CF2C8326C300892E89 /* Message+CoreDataClass.swift */; };
		43BC47702C91BBE70010EA86 /* Medsenger.xcdatamodeld in Sources */ = {isa = PBXBuildFile; fileRef = 43BC47662C91BBE70010EA86 /* Medsenger.xcdatamodeld */; };
/* End PBXBuildFile section */

/* Begin PBXFileReference section */
		430C51DD2C832E1000A48626 /* AgentAction+CoreDataClass.swift */ = {isa = PBXFileReference; fileEncoding = 4; lastKnownFileType = sourcecode.swift; path = "AgentAction+CoreDataClass.swift"; sourceTree = "<group>"; };
		439112192C83250600892E89 /* CoreDataMigrationsMRE.app */ = {isa = PBXFileReference; explicitFileType = wrapper.application; includeInIndex = 0; path = CoreDataMigrationsMRE.app; sourceTree = BUILT_PRODUCTS_DIR; };
		4391121C2C83250600892E89 /* CoreDataMigrationsMREApp.swift */ = {isa = PBXFileReference; lastKnownFileType = sourcecode.swift; path = CoreDataMigrationsMREApp.swift; sourceTree = "<group>"; };
		439112252C83250600892E89 /* Assets.xcassets */ = {isa = PBXFileReference; lastKnownFileType = folder.assetcatalog; path = Assets.xcassets; sourceTree = "<group>"; };
		439112272C83250600892E89 /* CoreDataMigrationsMRE.entitlements */ = {isa = PBXFileReference; lastKnownFileType = text.plist.entitlements; path = CoreDataMigrationsMRE.entitlements; sourceTree = "<group>"; };
		439112302C83256500892E89 /* Agent+CoreDataClass.swift */ = {isa = PBXFileReference; fileEncoding = 4; lastKnownFileType = sourcecode.swift; path = "Agent+CoreDataClass.swift"; sourceTree = "<group>"; };
		439112382C83256500892E89 /* AgentTask+CoreDataClass.swift */ = {isa = PBXFileReference; fileEncoding = 4; lastKnownFileType = sourcecode.swift; path = "AgentTask+CoreDataClass.swift"; sourceTree = "<group>"; };
		4391123B2C83256500892E89 /* ClassLabel+CoreDataClass.swift */ = {isa = PBXFileReference; fileEncoding = 4; lastKnownFileType = sourcecode.swift; path = "ClassLabel+CoreDataClass.swift"; sourceTree = "<group>"; };
		4391123E2C83256500892E89 /* Clinic+CoreDataClass.swift */ = {isa = PBXFileReference; fileEncoding = 4; lastKnownFileType = sourcecode.swift; path = "Clinic+CoreDataClass.swift"; sourceTree = "<group>"; };
		439112412C83256500892E89 /* ClinicDoctor+CoreDataClass.swift */ = {isa = PBXFileReference; fileEncoding = 4; lastKnownFileType = sourcecode.swift; path = "ClinicDoctor+CoreDataClass.swift"; sourceTree = "<group>"; };
		439112442C83256500892E89 /* Contract+CoreDataClass.swift */ = {isa = PBXFileReference; fileEncoding = 4; lastKnownFileType = sourcecode.swift; path = "Contract+CoreDataClass.swift"; sourceTree = "<group>"; };
		4391124B2C83256500892E89 /* ContractAgentParam+CoreDataClass.swift */ = {isa = PBXFileReference; fileEncoding = 4; lastKnownFileType = sourcecode.swift; path = "ContractAgentParam+CoreDataClass.swift"; sourceTree = "<group>"; };
		4391124E2C83256500892E89 /* AssistantModels.swift */ = {isa = PBXFileReference; fileEncoding = 4; lastKnownFileType = sourcecode.swift; path = AssistantModels.swift; sourceTree = "<group>"; };
		439112502C83256500892E89 /* ContractAttachment+CoreDataClass.swift */ = {isa = PBXFileReference; fileEncoding = 4; lastKnownFileType = sourcecode.swift; path = "ContractAttachment+CoreDataClass.swift"; sourceTree = "<group>"; };
		439112532C83256500892E89 /* ContractParam+CoreDataClass.swift */ = {isa = PBXFileReference; fileEncoding = 4; lastKnownFileType = sourcecode.swift; path = "ContractParam+CoreDataClass.swift"; sourceTree = "<group>"; };
		439112562C83256500892E89 /* ContractSearchSuggestion+CoreDataClass.swift */ = {isa = PBXFileReference; fileEncoding = 4; lastKnownFileType = sourcecode.swift; path = "ContractSearchSuggestion+CoreDataClass.swift"; sourceTree = "<group>"; };
		439112582C83256500892E89 /* FileAttachment+CoreDataClass.swift */ = {isa = PBXFileReference; fileEncoding = 4; lastKnownFileType = sourcecode.swift; path = "FileAttachment+CoreDataClass.swift"; sourceTree = "<group>"; };
		4391125C2C83256500892E89 /* ImageAttachment+CoreDataClass.swift */ = {isa = PBXFileReference; fileEncoding = 4; lastKnownFileType = sourcecode.swift; path = "ImageAttachment+CoreDataClass.swift"; sourceTree = "<group>"; };
		4391125F2C83256500892E89 /* InfoAttachment+CoreDataClass.swift */ = {isa = PBXFileReference; fileEncoding = 4; lastKnownFileType = sourcecode.swift; path = "InfoAttachment+CoreDataClass.swift"; sourceTree = "<group>"; };
		439112672C83256500892E89 /* RelatedContract+CoreDataClass.swift */ = {isa = PBXFileReference; fileEncoding = 4; lastKnownFileType = sourcecode.swift; path = "RelatedContract+CoreDataClass.swift"; sourceTree = "<group>"; };
		4391126A2C83256500892E89 /* Scenario+CoreDataClass.swift */ = {isa = PBXFileReference; fileEncoding = 4; lastKnownFileType = sourcecode.swift; path = "Scenario+CoreDataClass.swift"; sourceTree = "<group>"; };
		4391126E2C83256500892E89 /* ScenarioParam+CoreDataClass.swift */ = {isa = PBXFileReference; fileEncoding = 4; lastKnownFileType = sourcecode.swift; path = "ScenarioParam+CoreDataClass.swift"; sourceTree = "<group>"; };
		439112712C83256500892E89 /* ScenarioParamOption+CoreDataClass.swift */ = {isa = PBXFileReference; fileEncoding = 4; lastKnownFileType = sourcecode.swift; path = "ScenarioParamOption+CoreDataClass.swift"; sourceTree = "<group>"; };
		439112742C83256500892E89 /* TimeLimit+CoreDataClass.swift */ = {isa = PBXFileReference; fileEncoding = 4; lastKnownFileType = sourcecode.swift; path = "TimeLimit+CoreDataClass.swift"; sourceTree = "<group>"; };
		439112782C83256500892E89 /* User+CoreDataClass.swift */ = {isa = PBXFileReference; fileEncoding = 4; lastKnownFileType = sourcecode.swift; path = "User+CoreDataClass.swift"; sourceTree = "<group>"; };
		439112842C83256500892E89 /* PersistenceService.swift */ = {isa = PBXFileReference; fileEncoding = 4; lastKnownFileType = sourcecode.swift; path = PersistenceService.swift; sourceTree = "<group>"; };
		439112862C83256500892E89 /* URL+storeURL.swift */ = {isa = PBXFileReference; fileEncoding = 4; lastKnownFileType = sourcecode.swift; path = "URL+storeURL.swift"; sourceTree = "<group>"; };
		439112CF2C8326C300892E89 /* Message+CoreDataClass.swift */ = {isa = PBXFileReference; fileEncoding = 4; lastKnownFileType = sourcecode.swift; path = "Message+CoreDataClass.swift"; sourceTree = "<group>"; };
		43BC47672C91BBE70010EA86 /* Medsenger_2.xcdatamodel */ = {isa = PBXFileReference; lastKnownFileType = wrapper.xcdatamodel; path = Medsenger_2.xcdatamodel; sourceTree = "<group>"; };
		43BC47682C91BBE70010EA86 /* Medsenger_7.xcdatamodel */ = {isa = PBXFileReference; lastKnownFileType = wrapper.xcdatamodel; path = Medsenger_7.xcdatamodel; sourceTree = "<group>"; };
		43BC47692C91BBE70010EA86 /* Medsenger_4.xcdatamodel */ = {isa = PBXFileReference; lastKnownFileType = wrapper.xcdatamodel; path = Medsenger_4.xcdatamodel; sourceTree = "<group>"; };
		43BC476A2C91BBE70010EA86 /* Medsenger_8.xcdatamodel */ = {isa = PBXFileReference; lastKnownFileType = wrapper.xcdatamodel; path = Medsenger_8.xcdatamodel; sourceTree = "<group>"; };
		43BC476B2C91BBE70010EA86 /* Medsenger_6.xcdatamodel */ = {isa = PBXFileReference; lastKnownFileType = wrapper.xcdatamodel; path = Medsenger_6.xcdatamodel; sourceTree = "<group>"; };
		43BC476C2C91BBE70010EA86 /* Medsenger_3.xcdatamodel */ = {isa = PBXFileReference; lastKnownFileType = wrapper.xcdatamodel; path = Medsenger_3.xcdatamodel; sourceTree = "<group>"; };
		43BC476D2C91BBE70010EA86 /* Medsenger.xcdatamodel */ = {isa = PBXFileReference; lastKnownFileType = wrapper.xcdatamodel; path = Medsenger.xcdatamodel; sourceTree = "<group>"; };
		43BC476E2C91BBE70010EA86 /* Medsenger_9.xcdatamodel */ = {isa = PBXFileReference; lastKnownFileType = wrapper.xcdatamodel; path = Medsenger_9.xcdatamodel; sourceTree = "<group>"; };
		43BC476F2C91BBE70010EA86 /* Medsenger_5.xcdatamodel */ = {isa = PBXFileReference; lastKnownFileType = wrapper.xcdatamodel; path = Medsenger_5.xcdatamodel; sourceTree = "<group>"; };
/* End PBXFileReference section */

/* Begin PBXFrameworksBuildPhase section */
		439112162C83250600892E89 /* Frameworks */ = {
			isa = PBXFrameworksBuildPhase;
			buildActionMask = 2147483647;
			files = (
			);
			runOnlyForDeploymentPostprocessing = 0;
		};
/* End PBXFrameworksBuildPhase section */

/* Begin PBXGroup section */
		439112102C83250600892E89 = {
			isa = PBXGroup;
			children = (
				4391121B2C83250600892E89 /* CoreDataMigrationsMRE */,
				4391121A2C83250600892E89 /* Products */,
			);
			sourceTree = "<group>";
		};
		4391121A2C83250600892E89 /* Products */ = {
			isa = PBXGroup;
			children = (
				439112192C83250600892E89 /* CoreDataMigrationsMRE.app */,
			);
			name = Products;
			sourceTree = "<group>";
		};
		4391121B2C83250600892E89 /* CoreDataMigrationsMRE */ = {
			isa = PBXGroup;
			children = (
				439112872C83256500892E89 /* MedsengerStorage */,
				4391121C2C83250600892E89 /* CoreDataMigrationsMREApp.swift */,
				439112252C83250600892E89 /* Assets.xcassets */,
				439112272C83250600892E89 /* CoreDataMigrationsMRE.entitlements */,
			);
			path = CoreDataMigrationsMRE;
			sourceTree = "<group>";
		};
		439112872C83256500892E89 /* MedsengerStorage */ = {
			isa = PBXGroup;
			children = (
				43BC47662C91BBE70010EA86 /* Medsenger.xcdatamodeld */,
				439112382C83256500892E89 /* AgentTask+CoreDataClass.swift */,
				4391123B2C83256500892E89 /* ClassLabel+CoreDataClass.swift */,
				4391123E2C83256500892E89 /* Clinic+CoreDataClass.swift */,
				439112302C83256500892E89 /* Agent+CoreDataClass.swift */,
				439112412C83256500892E89 /* ClinicDoctor+CoreDataClass.swift */,
				439112442C83256500892E89 /* Contract+CoreDataClass.swift */,
				4391124B2C83256500892E89 /* ContractAgentParam+CoreDataClass.swift */,
				4391124E2C83256500892E89 /* AssistantModels.swift */,
				439112502C83256500892E89 /* ContractAttachment+CoreDataClass.swift */,
				439112532C83256500892E89 /* ContractParam+CoreDataClass.swift */,
				439112562C83256500892E89 /* ContractSearchSuggestion+CoreDataClass.swift */,
				439112582C83256500892E89 /* FileAttachment+CoreDataClass.swift */,
				430C51DD2C832E1000A48626 /* AgentAction+CoreDataClass.swift */,
				4391125C2C83256500892E89 /* ImageAttachment+CoreDataClass.swift */,
				4391125F2C83256500892E89 /* InfoAttachment+CoreDataClass.swift */,
				439112CF2C8326C300892E89 /* Message+CoreDataClass.swift */,
				439112672C83256500892E89 /* RelatedContract+CoreDataClass.swift */,
				4391126A2C83256500892E89 /* Scenario+CoreDataClass.swift */,
				4391126E2C83256500892E89 /* ScenarioParam+CoreDataClass.swift */,
				439112712C83256500892E89 /* ScenarioParamOption+CoreDataClass.swift */,
				439112742C83256500892E89 /* TimeLimit+CoreDataClass.swift */,
				439112782C83256500892E89 /* User+CoreDataClass.swift */,
				439112842C83256500892E89 /* PersistenceService.swift */,
				439112862C83256500892E89 /* URL+storeURL.swift */,
			);
			path = MedsengerStorage;
			sourceTree = "<group>";
		};
/* End PBXGroup section */

/* Begin PBXNativeTarget section */
		439112182C83250600892E89 /* CoreDataMigrationsMRE */ = {
			isa = PBXNativeTarget;
			buildConfigurationList = 4391122D2C83250600892E89 /* Build configuration list for PBXNativeTarget "CoreDataMigrationsMRE" */;
			buildPhases = (
				439112152C83250600892E89 /* Sources */,
				439112162C83250600892E89 /* Frameworks */,
				439112172C83250600892E89 /* Resources */,
			);
			buildRules = (
			);
			dependencies = (
			);
			name = CoreDataMigrationsMRE;
			productName = CoreDataMigrationsMRE;
			productReference = 439112192C83250600892E89 /* CoreDataMigrationsMRE.app */;
			productType = "com.apple.product-type.application";
		};
/* End PBXNativeTarget section */

/* Begin PBXProject section */
		439112112C83250600892E89 /* Project object */ = {
			isa = PBXProject;
			attributes = {
				BuildIndependentTargetsInParallel = 1;
				LastSwiftUpdateCheck = 1540;
				LastUpgradeCheck = 1540;
				TargetAttributes = {
					439112182C83250600892E89 = {
						CreatedOnToolsVersion = 15.4;
					};
				};
			};
			buildConfigurationList = 439112142C83250600892E89 /* Build configuration list for PBXProject "CoreDataMigrationsMRE" */;
			compatibilityVersion = "Xcode 14.0";
			developmentRegion = en;
			hasScannedForEncodings = 0;
			knownRegions = (
				en,
				Base,
			);
			mainGroup = 439112102C83250600892E89;
			productRefGroup = 4391121A2C83250600892E89 /* Products */;
			projectDirPath = "";
			projectRoot = "";
			targets = (
				439112182C83250600892E89 /* CoreDataMigrationsMRE */,
			);
		};
/* End PBXProject section */

/* Begin PBXResourcesBuildPhase section */
		439112172C83250600892E89 /* Resources */ = {
			isa = PBXResourcesBuildPhase;
			buildActionMask = 2147483647;
			files = (
				439112262C83250600892E89 /* Assets.xcassets in Resources */,
			);
			runOnlyForDeploymentPostprocessing = 0;
		};
/* End PBXResourcesBuildPhase section */

/* Begin PBXSourcesBuildPhase section */
		439112152C83250600892E89 /* Sources */ = {
			isa = PBXSourcesBuildPhase;
			buildActionMask = 2147483647;
			files = (
				43BC47702C91BBE70010EA86 /* Medsenger.xcdatamodeld in Sources */,
				439112B02C83256500892E89 /* InfoAttachment+CoreDataClass.swift in Sources */,
				439112CC2C83256500892E89 /* PersistenceService.swift in Sources */,
				439112A52C83256500892E89 /* AssistantModels.swift in Sources */,
				439112972C83256500892E89 /* ClassLabel+CoreDataClass.swift in Sources */,
				4391121D2C83250600892E89 /* CoreDataMigrationsMREApp.swift in Sources */,
				439112D02C8326C300892E89 /* Message+CoreDataClass.swift in Sources */,
				439112CE2C83256500892E89 /* URL+storeURL.swift in Sources */,
				439112BD2C83256500892E89 /* ScenarioParamOption+CoreDataClass.swift in Sources */,
				439112AA2C83256500892E89 /* ContractSearchSuggestion+CoreDataClass.swift in Sources */,
				439112A32C83256500892E89 /* ContractAgentParam+CoreDataClass.swift in Sources */,
				4391129B2C83256500892E89 /* ClinicDoctor+CoreDataClass.swift in Sources */,
				4391128F2C83256500892E89 /* Agent+CoreDataClass.swift in Sources */,
				439112AB2C83256500892E89 /* FileAttachment+CoreDataClass.swift in Sources */,
				439112A82C83256500892E89 /* ContractParam+CoreDataClass.swift in Sources */,
				439112A62C83256500892E89 /* ContractAttachment+CoreDataClass.swift in Sources */,
				439112C12C83256500892E89 /* User+CoreDataClass.swift in Sources */,
				430C51DE2C832E1000A48626 /* AgentAction+CoreDataClass.swift in Sources */,
				439112952C83256500892E89 /* AgentTask+CoreDataClass.swift in Sources */,
				439112BE2C83256500892E89 /* TimeLimit+CoreDataClass.swift in Sources */,
				439112B62C83256500892E89 /* RelatedContract+CoreDataClass.swift in Sources */,
				439112992C83256500892E89 /* Clinic+CoreDataClass.swift in Sources */,
				439112B82C83256500892E89 /* Scenario+CoreDataClass.swift in Sources */,
				439112AE2C83256500892E89 /* ImageAttachment+CoreDataClass.swift in Sources */,
				4391129D2C83256500892E89 /* Contract+CoreDataClass.swift in Sources */,
				439112BB2C83256500892E89 /* ScenarioParam+CoreDataClass.swift in Sources */,
			);
			runOnlyForDeploymentPostprocessing = 0;
		};
/* End PBXSourcesBuildPhase section */

/* Begin XCBuildConfiguration section */
		4391122B2C83250600892E89 /* Debug */ = {
			isa = XCBuildConfiguration;
			buildSettings = {
				ALWAYS_SEARCH_USER_PATHS = NO;
				ASSETCATALOG_COMPILER_GENERATE_SWIFT_ASSET_SYMBOL_EXTENSIONS = YES;
				CLANG_ANALYZER_NONNULL = YES;
				CLANG_ANALYZER_NUMBER_OBJECT_CONVERSION = YES_AGGRESSIVE;
				CLANG_CXX_LANGUAGE_STANDARD = "gnu++20";
				CLANG_ENABLE_MODULES = YES;
				CLANG_ENABLE_OBJC_ARC = YES;
				CLANG_ENABLE_OBJC_WEAK = YES;
				CLANG_WARN_BLOCK_CAPTURE_AUTORELEASING = YES;
				CLANG_WARN_BOOL_CONVERSION = YES;
				CLANG_WARN_COMMA = YES;
				CLANG_WARN_CONSTANT_CONVERSION = YES;
				CLANG_WARN_DEPRECATED_OBJC_IMPLEMENTATIONS = YES;
				CLANG_WARN_DIRECT_OBJC_ISA_USAGE = YES_ERROR;
				CLANG_WARN_DOCUMENTATION_COMMENTS = YES;
				CLANG_WARN_EMPTY_BODY = YES;
				CLANG_WARN_ENUM_CONVERSION = YES;
				CLANG_WARN_INFINITE_RECURSION = YES;
				CLANG_WARN_INT_CONVERSION = YES;
				CLANG_WARN_NON_LITERAL_NULL_CONVERSION = YES;
				CLANG_WARN_OBJC_IMPLICIT_RETAIN_SELF = YES;
				CLANG_WARN_OBJC_LITERAL_CONVERSION = YES;
				CLANG_WARN_OBJC_ROOT_CLASS = YES_ERROR;
				CLANG_WARN_QUOTED_INCLUDE_IN_FRAMEWORK_HEADER = YES;
				CLANG_WARN_RANGE_LOOP_ANALYSIS = YES;
				CLANG_WARN_STRICT_PROTOTYPES = YES;
				CLANG_WARN_SUSPICIOUS_MOVE = YES;
				CLANG_WARN_UNGUARDED_AVAILABILITY = YES_AGGRESSIVE;
				CLANG_WARN_UNREACHABLE_CODE = YES;
				CLANG_WARN__DUPLICATE_METHOD_MATCH = YES;
				COPY_PHASE_STRIP = NO;
				DEBUG_INFORMATION_FORMAT = dwarf;
				ENABLE_STRICT_OBJC_MSGSEND = YES;
				ENABLE_TESTABILITY = YES;
				ENABLE_USER_SCRIPT_SANDBOXING = YES;
				GCC_C_LANGUAGE_STANDARD = gnu17;
				GCC_DYNAMIC_NO_PIC = NO;
				GCC_NO_COMMON_BLOCKS = YES;
				GCC_OPTIMIZATION_LEVEL = 0;
				GCC_PREPROCESSOR_DEFINITIONS = (
					"DEBUG=1",
					"$(inherited)",
				);
				GCC_WARN_64_TO_32_BIT_CONVERSION = YES;
				GCC_WARN_ABOUT_RETURN_TYPE = YES_ERROR;
				GCC_WARN_UNDECLARED_SELECTOR = YES;
				GCC_WARN_UNINITIALIZED_AUTOS = YES_AGGRESSIVE;
				GCC_WARN_UNUSED_FUNCTION = YES;
				GCC_WARN_UNUSED_VARIABLE = YES;
				LOCALIZATION_PREFERS_STRING_CATALOGS = YES;
				MTL_ENABLE_DEBUG_INFO = INCLUDE_SOURCE;
				MTL_FAST_MATH = YES;
				ONLY_ACTIVE_ARCH = YES;
				SWIFT_ACTIVE_COMPILATION_CONDITIONS = "DEBUG $(inherited)";
				SWIFT_OPTIMIZATION_LEVEL = "-Onone";
			};
			name = Debug;
		};
		4391122C2C83250600892E89 /* Release */ = {
			isa = XCBuildConfiguration;
			buildSettings = {
				ALWAYS_SEARCH_USER_PATHS = NO;
				ASSETCATALOG_COMPILER_GENERATE_SWIFT_ASSET_SYMBOL_EXTENSIONS = YES;
				CLANG_ANALYZER_NONNULL = YES;
				CLANG_ANALYZER_NUMBER_OBJECT_CONVERSION = YES_AGGRESSIVE;
				CLANG_CXX_LANGUAGE_STANDARD = "gnu++20";
				CLANG_ENABLE_MODULES = YES;
				CLANG_ENABLE_OBJC_ARC = YES;
				CLANG_ENABLE_OBJC_WEAK = YES;
				CLANG_WARN_BLOCK_CAPTURE_AUTORELEASING = YES;
				CLANG_WARN_BOOL_CONVERSION = YES;
				CLANG_WARN_COMMA = YES;
				CLANG_WARN_CONSTANT_CONVERSION = YES;
				CLANG_WARN_DEPRECATED_OBJC_IMPLEMENTATIONS = YES;
				CLANG_WARN_DIRECT_OBJC_ISA_USAGE = YES_ERROR;
				CLANG_WARN_DOCUMENTATION_COMMENTS = YES;
				CLANG_WARN_EMPTY_BODY = YES;
				CLANG_WARN_ENUM_CONVERSION = YES;
				CLANG_WARN_INFINITE_RECURSION = YES;
				CLANG_WARN_INT_CONVERSION = YES;
				CLANG_WARN_NON_LITERAL_NULL_CONVERSION = YES;
				CLANG_WARN_OBJC_IMPLICIT_RETAIN_SELF = YES;
				CLANG_WARN_OBJC_LITERAL_CONVERSION = YES;
				CLANG_WARN_OBJC_ROOT_CLASS = YES_ERROR;
				CLANG_WARN_QUOTED_INCLUDE_IN_FRAMEWORK_HEADER = YES;
				CLANG_WARN_RANGE_LOOP_ANALYSIS = YES;
				CLANG_WARN_STRICT_PROTOTYPES = YES;
				CLANG_WARN_SUSPICIOUS_MOVE = YES;
				CLANG_WARN_UNGUARDED_AVAILABILITY = YES_AGGRESSIVE;
				CLANG_WARN_UNREACHABLE_CODE = YES;
				CLANG_WARN__DUPLICATE_METHOD_MATCH = YES;
				COPY_PHASE_STRIP = NO;
				DEBUG_INFORMATION_FORMAT = "dwarf-with-dsym";
				ENABLE_NS_ASSERTIONS = NO;
				ENABLE_STRICT_OBJC_MSGSEND = YES;
				ENABLE_USER_SCRIPT_SANDBOXING = YES;
				GCC_C_LANGUAGE_STANDARD = gnu17;
				GCC_NO_COMMON_BLOCKS = YES;
				GCC_WARN_64_TO_32_BIT_CONVERSION = YES;
				GCC_WARN_ABOUT_RETURN_TYPE = YES_ERROR;
				GCC_WARN_UNDECLARED_SELECTOR = YES;
				GCC_WARN_UNINITIALIZED_AUTOS = YES_AGGRESSIVE;
				GCC_WARN_UNUSED_FUNCTION = YES;
				GCC_WARN_UNUSED_VARIABLE = YES;
				LOCALIZATION_PREFERS_STRING_CATALOGS = YES;
				MTL_ENABLE_DEBUG_INFO = NO;
				MTL_FAST_MATH = YES;
				SWIFT_COMPILATION_MODE = wholemodule;
			};
			name = Release;
		};
		4391122E2C83250600892E89 /* Debug */ = {
			isa = XCBuildConfiguration;
			buildSettings = {
				ASSETCATALOG_COMPILER_APPICON_NAME = AppIcon;
				ASSETCATALOG_COMPILER_GLOBAL_ACCENT_COLOR_NAME = AccentColor;
				CODE_SIGN_ENTITLEMENTS = CoreDataMigrationsMRE/CoreDataMigrationsMRE.entitlements;
				CODE_SIGN_STYLE = Automatic;
				CURRENT_PROJECT_VERSION = 1;
				DEVELOPMENT_ASSET_PATHS = "";
				DEVELOPMENT_TEAM = CRF22TKXX5;
				ENABLE_HARDENED_RUNTIME = YES;
				ENABLE_PREVIEWS = YES;
				GENERATE_INFOPLIST_FILE = YES;
				"INFOPLIST_KEY_UIApplicationSceneManifest_Generation[sdk=iphoneos*]" = YES;
				"INFOPLIST_KEY_UIApplicationSceneManifest_Generation[sdk=iphonesimulator*]" = YES;
				"INFOPLIST_KEY_UIApplicationSupportsIndirectInputEvents[sdk=iphoneos*]" = YES;
				"INFOPLIST_KEY_UIApplicationSupportsIndirectInputEvents[sdk=iphonesimulator*]" = YES;
				"INFOPLIST_KEY_UILaunchScreen_Generation[sdk=iphoneos*]" = YES;
				"INFOPLIST_KEY_UILaunchScreen_Generation[sdk=iphonesimulator*]" = YES;
				"INFOPLIST_KEY_UIStatusBarStyle[sdk=iphoneos*]" = UIStatusBarStyleDefault;
				"INFOPLIST_KEY_UIStatusBarStyle[sdk=iphonesimulator*]" = UIStatusBarStyleDefault;
				INFOPLIST_KEY_UISupportedInterfaceOrientations_iPad = "UIInterfaceOrientationPortrait UIInterfaceOrientationPortraitUpsideDown UIInterfaceOrientationLandscapeLeft UIInterfaceOrientationLandscapeRight";
				INFOPLIST_KEY_UISupportedInterfaceOrientations_iPhone = "UIInterfaceOrientationPortrait UIInterfaceOrientationLandscapeLeft UIInterfaceOrientationLandscapeRight";
				IPHONEOS_DEPLOYMENT_TARGET = 17.5;
				LD_RUNPATH_SEARCH_PATHS = "@executable_path/Frameworks";
				"LD_RUNPATH_SEARCH_PATHS[sdk=macosx*]" = "@executable_path/../Frameworks";
				MACOSX_DEPLOYMENT_TARGET = 14.5;
				MARKETING_VERSION = 1.0;
				PRODUCT_BUNDLE_IDENTIFIER = com.test.CoreDataMigrationsMRE;
				PRODUCT_NAME = "$(TARGET_NAME)";
				SDKROOT = auto;
				SUPPORTED_PLATFORMS = "iphoneos iphonesimulator macosx";
				SWIFT_EMIT_LOC_STRINGS = YES;
				SWIFT_VERSION = 5.0;
				TARGETED_DEVICE_FAMILY = "1,2";
			};
			name = Debug;
		};
		4391122F2C83250600892E89 /* Release */ = {
			isa = XCBuildConfiguration;
			buildSettings = {
				ASSETCATALOG_COMPILER_APPICON_NAME = AppIcon;
				ASSETCATALOG_COMPILER_GLOBAL_ACCENT_COLOR_NAME = AccentColor;
				CODE_SIGN_ENTITLEMENTS = CoreDataMigrationsMRE/CoreDataMigrationsMRE.entitlements;
				CODE_SIGN_STYLE = Automatic;
				CURRENT_PROJECT_VERSION = 1;
				DEVELOPMENT_ASSET_PATHS = "";
				DEVELOPMENT_TEAM = CRF22TKXX5;
				ENABLE_HARDENED_RUNTIME = YES;
				ENABLE_PREVIEWS = YES;
				GENERATE_INFOPLIST_FILE = YES;
				"INFOPLIST_KEY_UIApplicationSceneManifest_Generation[sdk=iphoneos*]" = YES;
				"INFOPLIST_KEY_UIApplicationSceneManifest_Generation[sdk=iphonesimulator*]" = YES;
				"INFOPLIST_KEY_UIApplicationSupportsIndirectInputEvents[sdk=iphoneos*]" = YES;
				"INFOPLIST_KEY_UIApplicationSupportsIndirectInputEvents[sdk=iphonesimulator*]" = YES;
				"INFOPLIST_KEY_UILaunchScreen_Generation[sdk=iphoneos*]" = YES;
				"INFOPLIST_KEY_UILaunchScreen_Generation[sdk=iphonesimulator*]" = YES;
				"INFOPLIST_KEY_UIStatusBarStyle[sdk=iphoneos*]" = UIStatusBarStyleDefault;
				"INFOPLIST_KEY_UIStatusBarStyle[sdk=iphonesimulator*]" = UIStatusBarStyleDefault;
				INFOPLIST_KEY_UISupportedInterfaceOrientations_iPad = "UIInterfaceOrientationPortrait UIInterfaceOrientationPortraitUpsideDown UIInterfaceOrientationLandscapeLeft UIInterfaceOrientationLandscapeRight";
				INFOPLIST_KEY_UISupportedInterfaceOrientations_iPhone = "UIInterfaceOrientationPortrait UIInterfaceOrientationLandscapeLeft UIInterfaceOrientationLandscapeRight";
				IPHONEOS_DEPLOYMENT_TARGET = 17.5;
				LD_RUNPATH_SEARCH_PATHS = "@executable_path/Frameworks";
				"LD_RUNPATH_SEARCH_PATHS[sdk=macosx*]" = "@executable_path/../Frameworks";
				MACOSX_DEPLOYMENT_TARGET = 14.5;
				MARKETING_VERSION = 1.0;
				PRODUCT_BUNDLE_IDENTIFIER = com.test.CoreDataMigrationsMRE;
				PRODUCT_NAME = "$(TARGET_NAME)";
				SDKROOT = auto;
				SUPPORTED_PLATFORMS = "iphoneos iphonesimulator macosx";
				SWIFT_EMIT_LOC_STRINGS = YES;
				SWIFT_VERSION = 5.0;
				TARGETED_DEVICE_FAMILY = "1,2";
			};
			name = Release;
		};
/* End XCBuildConfiguration section */

/* Begin XCConfigurationList section */
		439112142C83250600892E89 /* Build configuration list for PBXProject "CoreDataMigrationsMRE" */ = {
			isa = XCConfigurationList;
			buildConfigurations = (
				4391122B2C83250600892E89 /* Debug */,
				4391122C2C83250600892E89 /* Release */,
			);
			defaultConfigurationIsVisible = 0;
			defaultConfigurationName = Release;
		};
		4391122D2C83250600892E89 /* Build configuration list for PBXNativeTarget "CoreDataMigrationsMRE" */ = {
			isa = XCConfigurationList;
			buildConfigurations = (
				4391122E2C83250600892E89 /* Debug */,
				4391122F2C83250600892E89 /* Release */,
			);
			defaultConfigurationIsVisible = 0;
			defaultConfigurationName = Release;
		};
/* End XCConfigurationList section */

/* Begin XCVersionGroup section */
		43BC47662C91BBE70010EA86 /* Medsenger.xcdatamodeld */ = {
			isa = XCVersionGroup;
			children = (
				43BC47672C91BBE70010EA86 /* Medsenger_2.xcdatamodel */,
				43BC47682C91BBE70010EA86 /* Medsenger_7.xcdatamodel */,
				43BC47692C91BBE70010EA86 /* Medsenger_4.xcdatamodel */,
				43BC476A2C91BBE70010EA86 /* Medsenger_8.xcdatamodel */,
				43BC476B2C91BBE70010EA86 /* Medsenger_6.xcdatamodel */,
				43BC476C2C91BBE70010EA86 /* Medsenger_3.xcdatamodel */,
				43BC476D2C91BBE70010EA86 /* Medsenger.xcdatamodel */,
				43BC476E2C91BBE70010EA86 /* Medsenger_9.xcdatamodel */,
				43BC476F2C91BBE70010EA86 /* Medsenger_5.xcdatamodel */,
			);
			currentVersion = 43BC47682C91BBE70010EA86 /* Medsenger_7.xcdatamodel */;
			name = Medsenger.xcdatamodeld;
			path = ../MedsengerStorage/Medsenger.xcdatamodeld;
			sourceTree = "<group>";
			versionGroupType = wrapper.xcdatamodel;
		};
/* End XCVersionGroup section */
	};
	rootObject = 439112112C83250600892E89 /* Project object */;
}

